
Microsoft Visual Studio Solution File, Format Version 12.00
# Visual Studio Version 17
VisualStudioVersion = 17.9.34701.34
MinimumVisualStudioVersion = 10.0.40219.1
Project("{9A19103F-16F7-4668-BE54-9A1E7A4F7556}") = "ExercicioArrayeFuncoes.ConsoleApp", "ExercicioArrayeFuncoes.ConsoleApp\ExercicioArrayeFuncoes.ConsoleApp.csproj", "{036B6E56-A427-4400-AF92-93B683E441A5}"
EndProject
Project("{2150E333-8FDC-42A3-9474-1A3956D46DE8}") = "Solution Items", "Solution Items", "{F0D94A05-3EB2-4196-A4C0-BED24C9E582D}"
	ProjectSection(SolutionItems) = preProject
		README.md = README.md
	EndProjectSection
EndProject
Global
	GlobalSection(SolutionConfigurationPlatforms) = preSolution
		Debug|Any CPU = Debug|Any CPU
		Release|Any CPU = Release|Any CPU
	EndGlobalSection
	GlobalSection(ProjectConfigurationPlatforms) = postSolution
		{036B6E56-A427-4400-AF92-93B683E441A5}.Debug|Any CPU.ActiveCfg = Debug|Any CPU
		{036B6E56-A427-4400-AF92-93B683E441A5}.Debug|Any CPU.Build.0 = Debug|Any CPU
		{036B6E56-A427-4400-AF92-93B683E441A5}.Release|Any CPU.ActiveCfg = Release|Any CPU
		{036B6E56-A427-4400-AF92-93B683E441A5}.Release|Any CPU.Build.0 = Release|Any CPU
	EndGlobalSection
	GlobalSection(SolutionProperties) = preSolution
		HideSolutionNode = FALSE
	EndGlobalSection
	GlobalSection(ExtensibilityGlobals) = postSolution
		SolutionGuid = {198C67E6-B300-4F77-A71F-569EBE12F034}
	EndGlobalSection
EndGlobal
